
Microsoft Visual Studio Solution File, Format Version 12.00
Project("{FAE04EC0-301F-11D3-BF4B-00C04F79EFBC}") = "Chess.NExT", "Chess.NExT\Chess.NExT.csproj", "{81817DAD-2680-48C0-B66F-CDA9D0ACC737}"
EndProject
Project("{FAE04EC0-301F-11D3-BF4B-00C04F79EFBC}") = "Chess.NExT.Test", "Chess.NExT.Test\Chess.NExT.Test.csproj", "{7679078A-D9F4-402D-8CA7-A7A27E8B7E3D}"
EndProject
Global
	GlobalSection(SolutionConfigurationPlatforms) = preSolution
		Release|macOS = Release|macOS
		Debug|macOS = Debug|macOS
	EndGlobalSection
	GlobalSection(ProjectConfigurationPlatforms) = postSolution
		{81817DAD-2680-48C0-B66F-CDA9D0ACC737}.Debug|macOS.ActiveCfg = Debug|macOS
		{81817DAD-2680-48C0-B66F-CDA9D0ACC737}.Release|macOS.ActiveCfg = Release|macOS
		{81817DAD-2680-48C0-B66F-CDA9D0ACC737}.Debug|macOS.Build.0 = Debug|macOS
		{81817DAD-2680-48C0-B66F-CDA9D0ACC737}.Release|macOS.Build.0 = Release|macOS
		{7679078A-D9F4-402D-8CA7-A7A27E8B7E3D}.Debug|macOS.ActiveCfg = Debug|macOS
		{7679078A-D9F4-402D-8CA7-A7A27E8B7E3D}.Release|macOS.ActiveCfg = Release|macOS
		{7679078A-D9F4-402D-8CA7-A7A27E8B7E3D}.Debug|macOS.Build.0 = Debug|macOS
		{7679078A-D9F4-402D-8CA7-A7A27E8B7E3D}.Release|macOS.Build.0 = Release|macOS
	EndGlobalSection
EndGlobal
